// !$*UTF8*$!
{
	archiveVersion = 1;
	classes = {
	};
	objectVersion = 46;
	objects = {

/* Begin PBXBuildFile section */
		613566711CFD04B4005C30C4 /* main.m in Sources */ = {isa = PBXBuildFile; fileRef = 613566701CFD04B4005C30C4 /* main.m */; };
		613566741CFD04B4005C30C4 /* AppDelegate.m in Sources */ = {isa = PBXBuildFile; fileRef = 613566731CFD04B4005C30C4 /* AppDelegate.m */; };
		613566771CFD04B4005C30C4 /* ViewController.m in Sources */ = {isa = PBXBuildFile; fileRef = 613566761CFD04B4005C30C4 /* ViewController.m */; };
		6135667A1CFD04B4005C30C4 /* Main.storyboard in Resources */ = {isa = PBXBuildFile; fileRef = 613566781CFD04B4005C30C4 /* Main.storyboard */; };
		6135667C1CFD04B4005C30C4 /* Assets.xcassets in Resources */ = {isa = PBXBuildFile; fileRef = 6135667B1CFD04B4005C30C4 /* Assets.xcassets */; };
		6135667F1CFD04B4005C30C4 /* LaunchScreen.storyboard in Resources */ = {isa = PBXBuildFile; fileRef = 6135667D1CFD04B4005C30C4 /* LaunchScreen.storyboard */; };
		613566881CFD056D005C30C4 /* RefreshControl.m in Sources */ = {isa = PBXBuildFile; fileRef = 613566871CFD056D005C30C4 /* RefreshControl.m */; };
/* End PBXBuildFile section */

/* Begin PBXFileReference section */
		6135666C1CFD04B4005C30C4 /* pull-to-refresh.app */ = {isa = PBXFileReference; explicitFileType = wrapper.application; includeInIndex = 0; path = "pull-to-refresh.app"; sourceTree = BUILT_PRODUCTS_DIR; };
		613566701CFD04B4005C30C4 /* main.m */ = {isa = PBXFileReference; lastKnownFileType = sourcecode.c.objc; path = main.m; sourceTree = "<group>"; };
		613566721CFD04B4005C30C4 /* AppDelegate.h */ = {isa = PBXFileReference; lastKnownFileType = sourcecode.c.h; path = AppDelegate.h; sourceTree = "<group>"; };
		613566731CFD04B4005C30C4 /* AppDelegate.m */ = {isa = PBXFileReference; lastKnownFileType = sourcecode.c.objc; path = AppDelegate.m; sourceTree = "<group>"; };
		613566751CFD04B4005C30C4 /* ViewController.h */ = {isa = PBXFileReference; lastKnownFileType = sourcecode.c.h; path = ViewController.h; sourceTree = "<group>"; };
		613566761CFD04B4005C30C4 /* ViewController.m */ = {isa = PBXFileReference; lastKnownFileType = sourcecode.c.objc; path = ViewController.m; sourceTree = "<group>"; };
		613566791CFD04B4005C30C4 /* Base */ = {isa = PBXFileReference; lastKnownFileType = file.storyboard; name = Base; path = Base.lproj/Main.storyboard; sourceTree = "<group>"; };
		6135667B1CFD04B4005C30C4 /* Assets.xcassets */ = {isa = PBXFileReference; lastKnownFileType = folder.assetcatalog; path = Assets.xcassets; sourceTree = "<group>"; };
		6135667E1CFD04B4005C30C4 /* Base */ = {isa = PBXFileReference; lastKnownFileType = file.storyboard; name = Base; path = Base.lproj/LaunchScreen.storyboard; sourceTree = "<group>"; };
		613566801CFD04B4005C30C4 /* Info.plist */ = {isa = PBXFileReference; lastKnownFileType = text.plist.xml; path = Info.plist; sourceTree = "<group>"; };
		613566861CFD056D005C30C4 /* RefreshControl.h */ = {isa = PBXFileReference; fileEncoding = 4; lastKnownFileType = sourcecode.c.h; path = RefreshControl.h; sourceTree = "<group>"; };
		613566871CFD056D005C30C4 /* RefreshControl.m */ = {isa = PBXFileReference; fileEncoding = 4; lastKnownFileType = sourcecode.c.objc; path = RefreshControl.m; sourceTree = "<group>"; };
/* End PBXFileReference section */

/* Begin PBXFrameworksBuildPhase section */
		613566691CFD04B4005C30C4 /* Frameworks */ = {
			isa = PBXFrameworksBuildPhase;
			buildActionMask = 2147483647;
			files = (
			);
			runOnlyForDeploymentPostprocessing = 0;
		};
/* End PBXFrameworksBuildPhase section */

/* Begin PBXGroup section */
		613566631CFD04B4005C30C4 = {
			isa = PBXGroup;
			children = (
				6135666E1CFD04B4005C30C4 /* pull-to-refresh */,
				6135666D1CFD04B4005C30C4 /* Products */,
			);
			sourceTree = "<group>";
		};
		6135666D1CFD04B4005C30C4 /* Products */ = {
			isa = PBXGroup;
			children = (
				6135666C1CFD04B4005C30C4 /* pull-to-refresh.app */,
			);
			name = Products;
			sourceTree = "<group>";
		};
		6135666E1CFD04B4005C30C4 /* pull-to-refresh */ = {
			isa = PBXGroup;
			children = (
				613566721CFD04B4005C30C4 /* AppDelegate.h */,
				613566731CFD04B4005C30C4 /* AppDelegate.m */,
				613566751CFD04B4005C30C4 /* ViewController.h */,
				613566761CFD04B4005C30C4 /* ViewController.m */,
				613566861CFD056D005C30C4 /* RefreshControl.h */,
				613566871CFD056D005C30C4 /* RefreshControl.m */,
				613566781CFD04B4005C30C4 /* Main.storyboard */,
				6135667B1CFD04B4005C30C4 /* Assets.xcassets */,
				6135667D1CFD04B4005C30C4 /* LaunchScreen.storyboard */,
				613566801CFD04B4005C30C4 /* Info.plist */,
				6135666F1CFD04B4005C30C4 /* Supporting Files */,
			);
			path = "pull-to-refresh";
			sourceTree = "<group>";
		};
		6135666F1CFD04B4005C30C4 /* Supporting Files */ = {
			isa = PBXGroup;
			children = (
				613566701CFD04B4005C30C4 /* main.m */,
			);
			name = "Supporting Files";
			sourceTree = "<group>";
		};
/* End PBXGroup section */

/* Begin PBXNativeTarget section */
		6135666B1CFD04B4005C30C4 /* pull-to-refresh */ = {
			isa = PBXNativeTarget;
			buildConfigurationList = 613566831CFD04B4005C30C4 /* Build configuration list for PBXNativeTarget "pull-to-refresh" */;
			buildPhases = (
				613566681CFD04B4005C30C4 /* Sources */,
				613566691CFD04B4005C30C4 /* Frameworks */,
				6135666A1CFD04B4005C30C4 /* Resources */,
			);
			buildRules = (
			);
			dependencies = (
			);
			name = "pull-to-refresh";
			productName = "pull-to-refresh";
			productReference = 6135666C1CFD04B4005C30C4 /* pull-to-refresh.app */;
			productType = "com.apple.product-type.application";
		};
/* End PBXNativeTarget section */

/* Begin PBXProject section */
		613566641CFD04B4005C30C4 /* Project object */ = {
			isa = PBXProject;
			attributes = {
				LastUpgradeCheck = 0730;
				ORGANIZATIONNAME = "Jonathan Lazar";
				TargetAttributes = {
					6135666B1CFD04B4005C30C4 = {
						CreatedOnToolsVersion = 7.3;
					};
				};
			};
			buildConfigurationList = 613566671CFD04B4005C30C4 /* Build configuration list for PBXProject "pull-to-refresh" */;
			compatibilityVersion = "Xcode 3.2";
			developmentRegion = English;
			hasScannedForEncodings = 0;
			knownRegions = (
				en,
				Base,
			);
			mainGroup = 613566631CFD04B4005C30C4;
			productRefGroup = 6135666D1CFD04B4005C30C4 /* Products */;
			projectDirPath = "";
			projectRoot = "";
			targets = (
				6135666B1CFD04B4005C30C4 /* pull-to-refresh */,
			);
		};
/* End PBXProject section */

/* Begin PBXResourcesBuildPhase section */
		6135666A1CFD04B4005C30C4 /* Resources */ = {
			isa = PBXResourcesBuildPhase;
			buildActionMask = 2147483647;
			files = (
				6135667F1CFD04B4005C30C4 /* LaunchScreen.storyboard in Resources */,
				6135667C1CFD04B4005C30C4 /* Assets.xcassets in Resources */,
				6135667A1CFD04B4005C30C4 /* Main.storyboard in Resources */,
			);
			runOnlyForDeploymentPostprocessing = 0;
		};
/* End PBXResourcesBuildPhase section */

/* Begin PBXSourcesBuildPhase section */
		613566681CFD04B4005C30C4 /* Sources */ = {
			isa = PBXSourcesBuildPhase;
			buildActionMask = 2147483647;
			files = (
				613566771CFD04B4005C30C4 /* ViewController.m in Sources */,
				613566741CFD04B4005C30C4 /* AppDelegate.m in Sources */,
				613566711CFD04B4005C30C4 /* main.m in Sources */,
				613566881CFD056D005C30C4 /* RefreshControl.m in Sources */,
			);
			runOnlyForDeploymentPostprocessing = 0;
		};
/* End PBXSourcesBuildPhase section */

/* Begin PBXVariantGroup section */
		613566781CFD04B4005C30C4 /* Main.storyboard */ = {
			isa = PBXVariantGroup;
			children = (
				613566791CFD04B4005C30C4 /* Base */,
			);
			name = Main.storyboard;
			sourceTree = "<group>";
		};
		6135667D1CFD04B4005C30C4 /* LaunchScreen.storyboard */ = {
			isa = PBXVariantGroup;
			children = (
				6135667E1CFD04B4005C30C4 /* Base */,
			);
			name = LaunchScreen.storyboard;
			sourceTree = "<group>";
		};
/* End PBXVariantGroup section */

/* Begin XCBuildConfiguration section */
		613566811CFD04B4005C30C4 /* Debug */ = {
			isa = XCBuildConfiguration;
			buildSettings = {
				ALWAYS_SEARCH_USER_PATHS = NO;
				CLANG_ANALYZER_NONNULL = YES;
				CLANG_CXX_LANGUAGE_STANDARD = "gnu++0x";
				CLANG_CXX_LIBRARY = "libc++";
				CLANG_ENABLE_MODULES = YES;
				CLANG_ENABLE_OBJC_ARC = YES;
				CLANG_WARN_BOOL_CONVERSION = YES;
				CLANG_WARN_CONSTANT_CONVERSION = YES;
				CLANG_WARN_DIRECT_OBJC_ISA_USAGE = YES_ERROR;
				CLANG_WARN_EMPTY_BODY = YES;
				CLANG_WARN_ENUM_CONVERSION = YES;
				CLANG_WARN_INT_CONVERSION = YES;
				CLANG_WARN_OBJC_ROOT_CLASS = YES_ERROR;
				CLANG_WARN_UNREACHABLE_CODE = YES;
				CLANG_WARN__DUPLICATE_METHOD_MATCH = YES;
				"CODE_SIGN_IDENTITY[sdk=iphoneos*]" = "iPhone Developer";
				COPY_PHASE_STRIP = NO;
				DEBUG_INFORMATION_FORMAT = dwarf;
				ENABLE_STRICT_OBJC_MSGSEND = YES;
				ENABLE_TESTABILITY = YES;
				GCC_C_LANGUAGE_STANDARD = gnu99;
				GCC_DYNAMIC_NO_PIC = NO;
				GCC_NO_COMMON_BLOCKS = YES;
				GCC_OPTIMIZATION_LEVEL = 0;
				GCC_PREPROCESSOR_DEFINITIONS = (
					"DEBUG=1",
					"$(inherited)",
				);
				GCC_WARN_64_TO_32_BIT_CONVERSION = YES;
				GCC_WARN_ABOUT_RETURN_TYPE = YES_ERROR;
				GCC_WARN_UNDECLARED_SELECTOR = YES;
				GCC_WARN_UNINITIALIZED_AUTOS = YES_AGGRESSIVE;
				GCC_WARN_UNUSED_FUNCTION = YES;
				GCC_WARN_UNUSED_VARIABLE = YES;
				IPHONEOS_DEPLOYMENT_TARGET = 9.3;
				MTL_ENABLE_DEBUG_INFO = YES;
				ONLY_ACTIVE_ARCH = YES;
				SDKROOT = iphoneos;
			};
			name = Debug;
		};
		613566821CFD04B4005C30C4 /* Release */ = {
			isa = XCBuildConfiguration;
			buildSettings = {
				ALWAYS_SEARCH_USER_PATHS = NO;
				CLANG_ANALYZER_NONNULL = YES;
				CLANG_CXX_LANGUAGE_STANDARD = "gnu++0x";
				CLANG_CXX_LIBRARY = "libc++";
				CLANG_ENABLE_MODULES = YES;
				CLANG_ENABLE_OBJC_ARC = YES;
				CLANG_WARN_BOOL_CONVERSION = YES;
				CLANG_WARN_CONSTANT_CONVERSION = YES;
				CLANG_WARN_DIRECT_OBJC_ISA_USAGE = YES_ERROR;
				CLANG_WARN_EMPTY_BODY = YES;
				CLANG_WARN_ENUM_CONVERSION = YES;
				CLANG_WARN_INT_CONVERSION = YES;
				CLANG_WARN_OBJC_ROOT_CLASS = YES_ERROR;
				CLANG_WARN_UNREACHABLE_CODE = YES;
				CLANG_WARN__DUPLICATE_METHOD_MATCH = YES;
				"CODE_SIGN_IDENTITY[sdk=iphoneos*]" = "iPhone Developer";
				COPY_PHASE_STRIP = NO;
				DEBUG_INFORMATION_FORMAT = "dwarf-with-dsym";
				ENABLE_NS_ASSERTIONS = NO;
				ENABLE_STRICT_OBJC_MSGSEND = YES;
				GCC_C_LANGUAGE_STANDARD = gnu99;
				GCC_NO_COMMON_BLOCKS = YES;
				GCC_WARN_64_TO_32_BIT_CONVERSION = YES;
				GCC_WARN_ABOUT_RETURN_TYPE = YES_ERROR;
				GCC_WARN_UNDECLARED_SELECTOR = YES;
				GCC_WARN_UNINITIALIZED_AUTOS = YES_AGGRESSIVE;
				GCC_WARN_UNUSED_FUNCTION = YES;
				GCC_WARN_UNUSED_VARIABLE = YES;
				IPHONEOS_DEPLOYMENT_TARGET = 9.3;
				MTL_ENABLE_DEBUG_INFO = NO;
				SDKROOT = iphoneos;
				VALIDATE_PRODUCT = YES;
			};
			name = Release;
		};
		613566841CFD04B4005C30C4 /* Debug */ = {
			isa = XCBuildConfiguration;
			buildSettings = {
				ASSETCATALOG_COMPILER_APPICON_NAME = AppIcon;
				INFOPLIST_FILE = "pull-to-refresh/Info.plist";
				LD_RUNPATH_SEARCH_PATHS = "$(inherited) @executable_path/Frameworks";
				PRODUCT_BUNDLE_IDENTIFIER = "com.jonlazar.pull-to-refresh";
				PRODUCT_NAME = "$(TARGET_NAME)";
			};
			name = Debug;
		};
		613566851CFD04B4005C30C4 /* Release */ = {
			isa = XCBuildConfiguration;
			buildSettings = {
				ASSETCATALOG_COMPILER_APPICON_NAME = AppIcon;
				INFOPLIST_FILE = "pull-to-refresh/Info.plist";
				LD_RUNPATH_SEARCH_PATHS = "$(inherited) @executable_path/Frameworks";
				PRODUCT_BUNDLE_IDENTIFIER = "com.jonlazar.pull-to-refresh";
				PRODUCT_NAME = "$(TARGET_NAME)";
			};
			name = Release;
		};
/* End XCBuildConfiguration section */

/* Begin XCConfigurationList section */
		613566671CFD04B4005C30C4 /* Build configuration list for PBXProject "pull-to-refresh" */ = {
			isa = XCConfigurationList;
			buildConfigurations = (
				613566811CFD04B4005C30C4 /* Debug */,
				613566821CFD04B4005C30C4 /* Release */,
			);
			defaultConfigurationIsVisible = 0;
			defaultConfigurationName = Release;
		};
		613566831CFD04B4005C30C4 /* Build configuration list for PBXNativeTarget "pull-to-refresh" */ = {
			isa = XCConfigurationList;
			buildConfigurations = (
				613566841CFD04B4005C30C4 /* Debug */,
				613566851CFD04B4005C30C4 /* Release */,
			);
			defaultConfigurationIsVisible = 0;
		};
/* End XCConfigurationList section */
	};
	rootObject = 613566641CFD04B4005C30C4 /* Project object */;
}
